# Generated by pub
# See http://pub.dartlang.org/doc/glossary.html#lockfile
packages:
  DynamicClassInstance:
    description:
      path: "../../../../DynamicClassInstance"
      relative: true
    source: path
    version: "0.0.1"
  WebSocketServer:
    description:
      path: "../../.."
      relative: true
    source: path
    version: "0.0.1"
